
Microsoft Visual Studio Solution File, Format Version 12.00
# Visual Studio Version 17
VisualStudioVersion = 17.1.32407.343
MinimumVisualStudioVersion = 10.0.40219.1
Project("{FAE04EC0-301F-11D3-BF4B-00C04F79EFBC}") = "CSharpProjectDotNEt", "CSharpProjectDotNEt\CSharpProjectDotNEt.csproj", "{0D387EF2-519F-4198-80C9-97FCE427A0EC}"
EndProject
Global
	GlobalSection(SolutionConfigurationPlatforms) = preSolution
		Debug|Any CPU = Debug|Any CPU
		Release|Any CPU = Release|Any CPU
	EndGlobalSection
	GlobalSection(ProjectConfigurationPlatforms) = postSolution
		{0D387EF2-519F-4198-80C9-97FCE427A0EC}.Debug|Any CPU.ActiveCfg = Debug|Any CPU
		{0D387EF2-519F-4198-80C9-97FCE427A0EC}.Debug|Any CPU.Build.0 = Debug|Any CPU
		{0D387EF2-519F-4198-80C9-97FCE427A0EC}.Release|Any CPU.ActiveCfg = Release|Any CPU
		{0D387EF2-519F-4198-80C9-97FCE427A0EC}.Release|Any CPU.Build.0 = Release|Any CPU
	EndGlobalSection
	GlobalSection(SolutionProperties) = preSolution
		HideSolutionNode = FALSE
	EndGlobalSection
	GlobalSection(ExtensibilityGlobals) = postSolution
		SolutionGuid = {EAC41F4F-D7DC-498D-8A9A-9D57DCCB1B36}
	EndGlobalSection
EndGlobal
